
Microsoft Visual Studio Solution File, Format Version 12.00
# Visual Studio Version 17
VisualStudioVersion = 17.11.35312.102
MinimumVisualStudioVersion = 10.0.40219.1
Project("{9A19103F-16F7-4668-BE54-9A1E7A4F7556}") = "SchoolManagementSystem.Domain", "SchoolManagementSystem.Domain\SchoolManagementSystem.Domain.csproj", "{2E0A272E-E8EC-48E7-8894-22C681120B46}"
EndProject
Project("{9A19103F-16F7-4668-BE54-9A1E7A4F7556}") = "SchoolManagementSystem.Application", "SchoolManagementSystem.Application\SchoolManagementSystem.Application.csproj", "{A60ADD6C-EF3F-402D-B97B-2491C86050A1}"
EndProject
Project("{9A19103F-16F7-4668-BE54-9A1E7A4F7556}") = "SchoolManagementSystem.Infrastructure", "SchoolManagementSystem.Infrastructure\SchoolManagementSystem.Infrastructure.csproj", "{6B2EF8C0-E136-4AE0-8CDE-960894C85113}"
EndProject
Project("{9A19103F-16F7-4668-BE54-9A1E7A4F7556}") = "SchoolManagementSystem", "SchoolManagementSystem\SchoolManagementSystem.csproj", "{658AA9B8-B63F-49DD-8899-47B1BFBCACD8}"
EndProject
Global
	GlobalSection(SolutionConfigurationPlatforms) = preSolution
		Debug|Any CPU = Debug|Any CPU
		Release|Any CPU = Release|Any CPU
	EndGlobalSection
	GlobalSection(ProjectConfigurationPlatforms) = postSolution
		{2E0A272E-E8EC-48E7-8894-22C681120B46}.Debug|Any CPU.ActiveCfg = Debug|Any CPU
		{2E0A272E-E8EC-48E7-8894-22C681120B46}.Debug|Any CPU.Build.0 = Debug|Any CPU
		{2E0A272E-E8EC-48E7-8894-22C681120B46}.Release|Any CPU.ActiveCfg = Release|Any CPU
		{2E0A272E-E8EC-48E7-8894-22C681120B46}.Release|Any CPU.Build.0 = Release|Any CPU
		{A60ADD6C-EF3F-402D-B97B-2491C86050A1}.Debug|Any CPU.ActiveCfg = Debug|Any CPU
		{A60ADD6C-EF3F-402D-B97B-2491C86050A1}.Debug|Any CPU.Build.0 = Debug|Any CPU
		{A60ADD6C-EF3F-402D-B97B-2491C86050A1}.Release|Any CPU.ActiveCfg = Release|Any CPU
		{A60ADD6C-EF3F-402D-B97B-2491C86050A1}.Release|Any CPU.Build.0 = Release|Any CPU
		{6B2EF8C0-E136-4AE0-8CDE-960894C85113}.Debug|Any CPU.ActiveCfg = Debug|Any CPU
		{6B2EF8C0-E136-4AE0-8CDE-960894C85113}.Debug|Any CPU.Build.0 = Debug|Any CPU
		{6B2EF8C0-E136-4AE0-8CDE-960894C85113}.Release|Any CPU.ActiveCfg = Release|Any CPU
		{6B2EF8C0-E136-4AE0-8CDE-960894C85113}.Release|Any CPU.Build.0 = Release|Any CPU
		{658AA9B8-B63F-49DD-8899-47B1BFBCACD8}.Debug|Any CPU.ActiveCfg = Debug|Any CPU
		{658AA9B8-B63F-49DD-8899-47B1BFBCACD8}.Debug|Any CPU.Build.0 = Debug|Any CPU
		{658AA9B8-B63F-49DD-8899-47B1BFBCACD8}.Release|Any CPU.ActiveCfg = Release|Any CPU
		{658AA9B8-B63F-49DD-8899-47B1BFBCACD8}.Release|Any CPU.Build.0 = Release|Any CPU
	EndGlobalSection
	GlobalSection(SolutionProperties) = preSolution
		HideSolutionNode = FALSE
	EndGlobalSection
	GlobalSection(ExtensibilityGlobals) = postSolution
		SolutionGuid = {730DE9F9-2B01-477D-86F2-D1E5B40A0729}
	EndGlobalSection
EndGlobal
